// !$*UTF8*$!
{
	archiveVersion = 1;
	classes = {
	};
	objectVersion = 56;
	objects = {

/* Begin PBXBuildFile section */
		CE77C3662CB0622E007C488B /* Estarta_AppApp.swift in Sources */ = {isa = PBXBuildFile; fileRef = CE77C3652CB0622E007C488B /* Estarta_AppApp.swift */; };
		CE77C36A2CB0622F007C488B /* Assets.xcassets in Resources */ = {isa = PBXBuildFile; fileRef = CE77C3692CB0622F007C488B /* Assets.xcassets */; };
		CE77C36D2CB0622F007C488B /* Preview Assets.xcassets in Resources */ = {isa = PBXBuildFile; fileRef = CE77C36C2CB0622F007C488B /* Preview Assets.xcassets */; };
		CE77C3782CB064F4007C488B /* ProductListView.swift in Sources */ = {isa = PBXBuildFile; fileRef = CE77C3772CB064F4007C488B /* ProductListView.swift */; };
		CE77C3802CB0676D007C488B /* ProductListViewModel.swift in Sources */ = {isa = PBXBuildFile; fileRef = CE77C37F2CB0676D007C488B /* ProductListViewModel.swift */; };
		CE77C39E2CB084FA007C488B /* ProductListDomainDTO.swift in Sources */ = {isa = PBXBuildFile; fileRef = CE77C39D2CB084FA007C488B /* ProductListDomainDTO.swift */; };
		CE77C3A22CB085ED007C488B /* ProductListRepositoryProtocol.swift in Sources */ = {isa = PBXBuildFile; fileRef = CE77C3A12CB085ED007C488B /* ProductListRepositoryProtocol.swift */; };
		CE77C3A42CB08629007C488B /* ProductListUseCase.swift in Sources */ = {isa = PBXBuildFile; fileRef = CE77C3A32CB08629007C488B /* ProductListUseCase.swift */; };
		CE77C3A82CB0879E007C488B /* ProductListDataDTO.swift in Sources */ = {isa = PBXBuildFile; fileRef = CE77C3A72CB0879E007C488B /* ProductListDataDTO.swift */; };
		CE77C3AC2CB0894E007C488B /* ProductListRepository.swift in Sources */ = {isa = PBXBuildFile; fileRef = CE77C3AB2CB0894E007C488B /* ProductListRepository.swift */; };
		CE77C3AF2CB089B8007C488B /* ProductListService.swift in Sources */ = {isa = PBXBuildFile; fileRef = CE77C3AE2CB089B8007C488B /* ProductListService.swift */; };
		CE77C3B32CB08B3D007C488B /* NetworkRequest.swift in Sources */ = {isa = PBXBuildFile; fileRef = CE77C3B22CB08B3D007C488B /* NetworkRequest.swift */; };
		CE77C3B52CB08B87007C488B /* NetworkError.swift in Sources */ = {isa = PBXBuildFile; fileRef = CE77C3B42CB08B87007C488B /* NetworkError.swift */; };
		CE77C3B72CB08BD1007C488B /* NetworkConfiguration.swift in Sources */ = {isa = PBXBuildFile; fileRef = CE77C3B62CB08BD1007C488B /* NetworkConfiguration.swift */; };
		CE77C3B92CB08CBD007C488B /* SharedURLSession.swift in Sources */ = {isa = PBXBuildFile; fileRef = CE77C3B82CB08CBD007C488B /* SharedURLSession.swift */; };
		CE77C3BB2CB08CDB007C488B /* SharedURLSessionDelegate.swift in Sources */ = {isa = PBXBuildFile; fileRef = CE77C3BA2CB08CDB007C488B /* SharedURLSessionDelegate.swift */; };
		CE77C3BD2CB08D03007C488B /* URLRequestCreater.swift in Sources */ = {isa = PBXBuildFile; fileRef = CE77C3BC2CB08D03007C488B /* URLRequestCreater.swift */; };
		CE77C3BF2CB08D3A007C488B /* URLSessionProtocol.swift in Sources */ = {isa = PBXBuildFile; fileRef = CE77C3BE2CB08D3A007C488B /* URLSessionProtocol.swift */; };
		CE77C3C12CB08D88007C488B /* NetworkSessionManager.swift in Sources */ = {isa = PBXBuildFile; fileRef = CE77C3C02CB08D88007C488B /* NetworkSessionManager.swift */; };
		CE77C3C32CB08DDA007C488B /* NetworkManager.swift in Sources */ = {isa = PBXBuildFile; fileRef = CE77C3C22CB08DDA007C488B /* NetworkManager.swift */; };
		CE77C3C52CB08E46007C488B /* DataTransferService.swift in Sources */ = {isa = PBXBuildFile; fileRef = CE77C3C42CB08E46007C488B /* DataTransferService.swift */; };
		CE77C3C92CB09145007C488B /* ProductsModule.swift in Sources */ = {isa = PBXBuildFile; fileRef = CE77C3C82CB09145007C488B /* ProductsModule.swift */; };
		CE77C3CC2CB09183007C488B /* NetworkConstant.swift in Sources */ = {isa = PBXBuildFile; fileRef = CE77C3CB2CB09183007C488B /* NetworkConstant.swift */; };
		CE77C3CE2CB0965E007C488B /* APPDIContainer.swift in Sources */ = {isa = PBXBuildFile; fileRef = CE77C3CD2CB0965E007C488B /* APPDIContainer.swift */; };
		CE77C3D02CB097E6007C488B /* ProductListView_Previews.swift in Sources */ = {isa = PBXBuildFile; fileRef = CE77C3CF2CB097E6007C488B /* ProductListView_Previews.swift */; };
		CE77C3D22CB0984A007C488B /* ProductListItemViewModel.swift in Sources */ = {isa = PBXBuildFile; fileRef = CE77C3D12CB0984A007C488B /* ProductListItemViewModel.swift */; };
		CE77C3D52CB0996A007C488B /* URLAuthenticationChallenge+TrustServer.swift in Sources */ = {isa = PBXBuildFile; fileRef = CE77C3D42CB0996A007C488B /* URLAuthenticationChallenge+TrustServer.swift */; };
		CE77C3D72CB2681C007C488B /* productListLayout.swift in Sources */ = {isa = PBXBuildFile; fileRef = CE77C3D62CB2681C007C488B /* productListLayout.swift */; };
		CE77C3D92CB26899007C488B /* ProductItemView.swift in Sources */ = {isa = PBXBuildFile; fileRef = CE77C3D82CB26899007C488B /* ProductItemView.swift */; };
		CE77C3DB2CB26AD4007C488B /* ProductImageView.swift in Sources */ = {isa = PBXBuildFile; fileRef = CE77C3DA2CB26AD4007C488B /* ProductImageView.swift */; };
		CE77C3DE2CB26B28007C488B /* Kingfisher in Frameworks */ = {isa = PBXBuildFile; productRef = CE77C3DD2CB26B28007C488B /* Kingfisher */; };
		CE77C3E02CB2747B007C488B /* AppConstatnt.swift in Sources */ = {isa = PBXBuildFile; fileRef = CE77C3DF2CB2747B007C488B /* AppConstatnt.swift */; };
		CE77C3E22CB2748E007C488B /* ErrorView.swift in Sources */ = {isa = PBXBuildFile; fileRef = CE77C3E12CB2748E007C488B /* ErrorView.swift */; };
		CE77C3E62CB27B21007C488B /* ProductDetailsView.swift in Sources */ = {isa = PBXBuildFile; fileRef = CE77C3E52CB27B21007C488B /* ProductDetailsView.swift */; };
		CE77C3E82CB27B4F007C488B /* HeaderImageView.swift in Sources */ = {isa = PBXBuildFile; fileRef = CE77C3E72CB27B4F007C488B /* HeaderImageView.swift */; };
/* End PBXBuildFile section */

/* Begin PBXFileReference section */
		CE77C3622CB0622E007C488B /* Estarta-App.app */ = {isa = PBXFileReference; explicitFileType = wrapper.application; includeInIndex = 0; path = "Estarta-App.app"; sourceTree = BUILT_PRODUCTS_DIR; };
		CE77C3652CB0622E007C488B /* Estarta_AppApp.swift */ = {isa = PBXFileReference; lastKnownFileType = sourcecode.swift; path = Estarta_AppApp.swift; sourceTree = "<group>"; };
		CE77C3692CB0622F007C488B /* Assets.xcassets */ = {isa = PBXFileReference; lastKnownFileType = folder.assetcatalog; path = Assets.xcassets; sourceTree = "<group>"; };
		CE77C36C2CB0622F007C488B /* Preview Assets.xcassets */ = {isa = PBXFileReference; lastKnownFileType = folder.assetcatalog; path = "Preview Assets.xcassets"; sourceTree = "<group>"; };
		CE77C3772CB064F4007C488B /* ProductListView.swift */ = {isa = PBXFileReference; lastKnownFileType = sourcecode.swift; path = ProductListView.swift; sourceTree = "<group>"; };
		CE77C37F2CB0676D007C488B /* ProductListViewModel.swift */ = {isa = PBXFileReference; lastKnownFileType = sourcecode.swift; path = ProductListViewModel.swift; sourceTree = "<group>"; };
		CE77C39D2CB084FA007C488B /* ProductListDomainDTO.swift */ = {isa = PBXFileReference; lastKnownFileType = sourcecode.swift; path = ProductListDomainDTO.swift; sourceTree = "<group>"; };
		CE77C3A12CB085ED007C488B /* ProductListRepositoryProtocol.swift */ = {isa = PBXFileReference; lastKnownFileType = sourcecode.swift; path = ProductListRepositoryProtocol.swift; sourceTree = "<group>"; };
		CE77C3A32CB08629007C488B /* ProductListUseCase.swift */ = {isa = PBXFileReference; lastKnownFileType = sourcecode.swift; path = ProductListUseCase.swift; sourceTree = "<group>"; };
		CE77C3A72CB0879E007C488B /* ProductListDataDTO.swift */ = {isa = PBXFileReference; lastKnownFileType = sourcecode.swift; path = ProductListDataDTO.swift; sourceTree = "<group>"; };
		CE77C3AB2CB0894E007C488B /* ProductListRepository.swift */ = {isa = PBXFileReference; lastKnownFileType = sourcecode.swift; path = ProductListRepository.swift; sourceTree = "<group>"; };
		CE77C3AE2CB089B8007C488B /* ProductListService.swift */ = {isa = PBXFileReference; lastKnownFileType = sourcecode.swift; path = ProductListService.swift; sourceTree = "<group>"; };
		CE77C3B22CB08B3D007C488B /* NetworkRequest.swift */ = {isa = PBXFileReference; lastKnownFileType = sourcecode.swift; path = NetworkRequest.swift; sourceTree = "<group>"; };
		CE77C3B42CB08B87007C488B /* NetworkError.swift */ = {isa = PBXFileReference; lastKnownFileType = sourcecode.swift; path = NetworkError.swift; sourceTree = "<group>"; };
		CE77C3B62CB08BD1007C488B /* NetworkConfiguration.swift */ = {isa = PBXFileReference; lastKnownFileType = sourcecode.swift; path = NetworkConfiguration.swift; sourceTree = "<group>"; };
		CE77C3B82CB08CBD007C488B /* SharedURLSession.swift */ = {isa = PBXFileReference; lastKnownFileType = sourcecode.swift; path = SharedURLSession.swift; sourceTree = "<group>"; };
		CE77C3BA2CB08CDB007C488B /* SharedURLSessionDelegate.swift */ = {isa = PBXFileReference; lastKnownFileType = sourcecode.swift; path = SharedURLSessionDelegate.swift; sourceTree = "<group>"; };
		CE77C3BC2CB08D03007C488B /* URLRequestCreater.swift */ = {isa = PBXFileReference; lastKnownFileType = sourcecode.swift; path = URLRequestCreater.swift; sourceTree = "<group>"; };
		CE77C3BE2CB08D3A007C488B /* URLSessionProtocol.swift */ = {isa = PBXFileReference; lastKnownFileType = sourcecode.swift; path = URLSessionProtocol.swift; sourceTree = "<group>"; };
		CE77C3C02CB08D88007C488B /* NetworkSessionManager.swift */ = {isa = PBXFileReference; lastKnownFileType = sourcecode.swift; path = NetworkSessionManager.swift; sourceTree = "<group>"; };
		CE77C3C22CB08DDA007C488B /* NetworkManager.swift */ = {isa = PBXFileReference; lastKnownFileType = sourcecode.swift; path = NetworkManager.swift; sourceTree = "<group>"; };
		CE77C3C42CB08E46007C488B /* DataTransferService.swift */ = {isa = PBXFileReference; lastKnownFileType = sourcecode.swift; path = DataTransferService.swift; sourceTree = "<group>"; };
		CE77C3C82CB09145007C488B /* ProductsModule.swift */ = {isa = PBXFileReference; lastKnownFileType = sourcecode.swift; path = ProductsModule.swift; sourceTree = "<group>"; };
		CE77C3CB2CB09183007C488B /* NetworkConstant.swift */ = {isa = PBXFileReference; lastKnownFileType = sourcecode.swift; path = NetworkConstant.swift; sourceTree = "<group>"; };
		CE77C3CD2CB0965E007C488B /* APPDIContainer.swift */ = {isa = PBXFileReference; lastKnownFileType = sourcecode.swift; path = APPDIContainer.swift; sourceTree = "<group>"; };
		CE77C3CF2CB097E6007C488B /* ProductListView_Previews.swift */ = {isa = PBXFileReference; lastKnownFileType = sourcecode.swift; path = ProductListView_Previews.swift; sourceTree = "<group>"; };
		CE77C3D12CB0984A007C488B /* ProductListItemViewModel.swift */ = {isa = PBXFileReference; lastKnownFileType = sourcecode.swift; path = ProductListItemViewModel.swift; sourceTree = "<group>"; };
		CE77C3D42CB0996A007C488B /* URLAuthenticationChallenge+TrustServer.swift */ = {isa = PBXFileReference; lastKnownFileType = sourcecode.swift; path = "URLAuthenticationChallenge+TrustServer.swift"; sourceTree = "<group>"; };
		CE77C3D62CB2681C007C488B /* productListLayout.swift */ = {isa = PBXFileReference; lastKnownFileType = sourcecode.swift; path = productListLayout.swift; sourceTree = "<group>"; };
		CE77C3D82CB26899007C488B /* ProductItemView.swift */ = {isa = PBXFileReference; lastKnownFileType = sourcecode.swift; path = ProductItemView.swift; sourceTree = "<group>"; };
		CE77C3DA2CB26AD4007C488B /* ProductImageView.swift */ = {isa = PBXFileReference; lastKnownFileType = sourcecode.swift; path = ProductImageView.swift; sourceTree = "<group>"; };
		CE77C3DF2CB2747B007C488B /* AppConstatnt.swift */ = {isa = PBXFileReference; lastKnownFileType = sourcecode.swift; path = AppConstatnt.swift; sourceTree = "<group>"; };
		CE77C3E12CB2748E007C488B /* ErrorView.swift */ = {isa = PBXFileReference; lastKnownFileType = sourcecode.swift; path = ErrorView.swift; sourceTree = "<group>"; };
		CE77C3E52CB27B21007C488B /* ProductDetailsView.swift */ = {isa = PBXFileReference; lastKnownFileType = sourcecode.swift; path = ProductDetailsView.swift; sourceTree = "<group>"; };
		CE77C3E72CB27B4F007C488B /* HeaderImageView.swift */ = {isa = PBXFileReference; lastKnownFileType = sourcecode.swift; path = "HeaderImage\U0010View.swift"; sourceTree = "<group>"; };
/* End PBXFileReference section */

/* Begin PBXFrameworksBuildPhase section */
		CE77C35F2CB0622E007C488B /* Frameworks */ = {
			isa = PBXFrameworksBuildPhase;
			buildActionMask = 2147483647;
			files = (
				CE77C3DE2CB26B28007C488B /* Kingfisher in Frameworks */,
			);
			runOnlyForDeploymentPostprocessing = 0;
		};
/* End PBXFrameworksBuildPhase section */

/* Begin PBXGroup section */
		CE77C3592CB0622E007C488B = {
			isa = PBXGroup;
			children = (
				CE77C3642CB0622E007C488B /* Estarta-App */,
				CE77C3632CB0622E007C488B /* Products */,
			);
			sourceTree = "<group>";
		};
		CE77C3632CB0622E007C488B /* Products */ = {
			isa = PBXGroup;
			children = (
				CE77C3622CB0622E007C488B /* Estarta-App.app */,
			);
			name = Products;
			sourceTree = "<group>";
		};
		CE77C3642CB0622E007C488B /* Estarta-App */ = {
			isa = PBXGroup;
			children = (
				CE77C3812CB06848007C488B /* Supporting Files */,
				CE77C3732CB063E3007C488B /* App */,
				CE77C39B2CB082E8007C488B /* Modules */,
				CE77C3B02CB08B06007C488B /* Managers */,
				CE77C3CA2CB09173007C488B /* Constants */,
				CE77C3D32CB09958007C488B /* Extension */,
			);
			path = "Estarta-App";
			sourceTree = "<group>";
		};
		CE77C36B2CB0622F007C488B /* Preview Content */ = {
			isa = PBXGroup;
			children = (
				CE77C36C2CB0622F007C488B /* Preview Assets.xcassets */,
			);
			path = "Preview Content";
			sourceTree = "<group>";
		};
		CE77C3732CB063E3007C488B /* App */ = {
			isa = PBXGroup;
			children = (
				CE77C3652CB0622E007C488B /* Estarta_AppApp.swift */,
				CE77C3CD2CB0965E007C488B /* APPDIContainer.swift */,
			);
			path = App;
			sourceTree = "<group>";
		};
		CE77C3742CB06413007C488B /* Presentation */ = {
			isa = PBXGroup;
			children = (
				CE77C3752CB064BA007C488B /* Home */,
				CE77C3E32CB27AFF007C488B /* Details */,
			);
			path = Presentation;
			sourceTree = "<group>";
		};
		CE77C3752CB064BA007C488B /* Home */ = {
			isa = PBXGroup;
			children = (
				CE77C3C82CB09145007C488B /* ProductsModule.swift */,
				CE77C3D12CB0984A007C488B /* ProductListItemViewModel.swift */,
				CE77C37A2CB06506007C488B /* ViewModel */,
				CE77C3792CB064F9007C488B /* View */,
			);
			path = Home;
			sourceTree = "<group>";
		};
		CE77C3792CB064F9007C488B /* View */ = {
			isa = PBXGroup;
			children = (
				CE77C3772CB064F4007C488B /* ProductListView.swift */,
				CE77C3CF2CB097E6007C488B /* ProductListView_Previews.swift */,
				CE77C3D62CB2681C007C488B /* productListLayout.swift */,
				CE77C3D82CB26899007C488B /* ProductItemView.swift */,
				CE77C3DA2CB26AD4007C488B /* ProductImageView.swift */,
				CE77C3E12CB2748E007C488B /* ErrorView.swift */,
			);
			path = View;
			sourceTree = "<group>";
		};
		CE77C37A2CB06506007C488B /* ViewModel */ = {
			isa = PBXGroup;
			children = (
				CE77C37F2CB0676D007C488B /* ProductListViewModel.swift */,
			);
			path = ViewModel;
			sourceTree = "<group>";
		};
		CE77C3812CB06848007C488B /* Supporting Files */ = {
			isa = PBXGroup;
			children = (
				CE77C36B2CB0622F007C488B /* Preview Content */,
				CE77C3692CB0622F007C488B /* Assets.xcassets */,
			);
			path = "Supporting Files";
			sourceTree = "<group>";
		};
		CE77C3982CB0795D007C488B /* Domain */ = {
			isa = PBXGroup;
			children = (
				CE77C39C2CB084D7007C488B /* Entity */,
				CE77C3A02CB085AC007C488B /* UseCase */,
				CE77C39F2CB08589007C488B /* Repository */,
			);
			path = Domain;
			sourceTree = "<group>";
		};
		CE77C39B2CB082E8007C488B /* Modules */ = {
			isa = PBXGroup;
			children = (
				CE77C3742CB06413007C488B /* Presentation */,
				CE77C3982CB0795D007C488B /* Domain */,
				CE77C3A52CB08724007C488B /* Data */,
			);
			path = Modules;
			sourceTree = "<group>";
		};
		CE77C39C2CB084D7007C488B /* Entity */ = {
			isa = PBXGroup;
			children = (
				CE77C39D2CB084FA007C488B /* ProductListDomainDTO.swift */,
			);
			path = Entity;
			sourceTree = "<group>";
		};
		CE77C39F2CB08589007C488B /* Repository */ = {
			isa = PBXGroup;
			children = (
				CE77C3A12CB085ED007C488B /* ProductListRepositoryProtocol.swift */,
			);
			path = Repository;
			sourceTree = "<group>";
		};
		CE77C3A02CB085AC007C488B /* UseCase */ = {
			isa = PBXGroup;
			children = (
				CE77C3A32CB08629007C488B /* ProductListUseCase.swift */,
			);
			path = UseCase;
			sourceTree = "<group>";
		};
		CE77C3A52CB08724007C488B /* Data */ = {
			isa = PBXGroup;
			children = (
				CE77C3AD2CB08997007C488B /* Services */,
				CE77C3A92CB088D6007C488B /* Repository */,
				CE77C3A62CB08775007C488B /* Entity */,
			);
			path = Data;
			sourceTree = "<group>";
		};
		CE77C3A62CB08775007C488B /* Entity */ = {
			isa = PBXGroup;
			children = (
				CE77C3A72CB0879E007C488B /* ProductListDataDTO.swift */,
			);
			path = Entity;
			sourceTree = "<group>";
		};
		CE77C3A92CB088D6007C488B /* Repository */ = {
			isa = PBXGroup;
			children = (
				CE77C3AB2CB0894E007C488B /* ProductListRepository.swift */,
			);
			path = Repository;
			sourceTree = "<group>";
		};
		CE77C3AD2CB08997007C488B /* Services */ = {
			isa = PBXGroup;
			children = (
				CE77C3AE2CB089B8007C488B /* ProductListService.swift */,
			);
			path = Services;
			sourceTree = "<group>";
		};
		CE77C3B02CB08B06007C488B /* Managers */ = {
			isa = PBXGroup;
			children = (
				CE77C3B12CB08B25007C488B /* Network */,
			);
			path = Managers;
			sourceTree = "<group>";
		};
		CE77C3B12CB08B25007C488B /* Network */ = {
			isa = PBXGroup;
			children = (
				CE77C3B22CB08B3D007C488B /* NetworkRequest.swift */,
				CE77C3B42CB08B87007C488B /* NetworkError.swift */,
				CE77C3B62CB08BD1007C488B /* NetworkConfiguration.swift */,
				CE77C3B82CB08CBD007C488B /* SharedURLSession.swift */,
				CE77C3BA2CB08CDB007C488B /* SharedURLSessionDelegate.swift */,
				CE77C3BC2CB08D03007C488B /* URLRequestCreater.swift */,
				CE77C3BE2CB08D3A007C488B /* URLSessionProtocol.swift */,
				CE77C3C02CB08D88007C488B /* NetworkSessionManager.swift */,
				CE77C3C22CB08DDA007C488B /* NetworkManager.swift */,
				CE77C3C42CB08E46007C488B /* DataTransferService.swift */,
			);
			path = Network;
			sourceTree = "<group>";
		};
		CE77C3CA2CB09173007C488B /* Constants */ = {
			isa = PBXGroup;
			children = (
				CE77C3CB2CB09183007C488B /* NetworkConstant.swift */,
				CE77C3DF2CB2747B007C488B /* AppConstatnt.swift */,
			);
			path = Constants;
			sourceTree = "<group>";
		};
		CE77C3D32CB09958007C488B /* Extension */ = {
			isa = PBXGroup;
			children = (
				CE77C3D42CB0996A007C488B /* URLAuthenticationChallenge+TrustServer.swift */,
			);
			path = Extension;
			sourceTree = "<group>";
		};
		CE77C3E32CB27AFF007C488B /* Details */ = {
			isa = PBXGroup;
			children = (
				CE77C3E42CB27B0F007C488B /* View */,
			);
			path = Details;
			sourceTree = "<group>";
		};
		CE77C3E42CB27B0F007C488B /* View */ = {
			isa = PBXGroup;
			children = (
				CE77C3E52CB27B21007C488B /* ProductDetailsView.swift */,
				CE77C3E72CB27B4F007C488B /* HeaderImageView.swift */,
			);
			path = View;
			sourceTree = "<group>";
		};
/* End PBXGroup section */

/* Begin PBXNativeTarget section */
		CE77C3612CB0622E007C488B /* Estarta-App */ = {
			isa = PBXNativeTarget;
			buildConfigurationList = CE77C3702CB0622F007C488B /* Build configuration list for PBXNativeTarget "Estarta-App" */;
			buildPhases = (
				CE77C35E2CB0622E007C488B /* Sources */,
				CE77C35F2CB0622E007C488B /* Frameworks */,
				CE77C3602CB0622E007C488B /* Resources */,
			);
			buildRules = (
			);
			dependencies = (
			);
			name = "Estarta-App";
			packageProductDependencies = (
				CE77C3DD2CB26B28007C488B /* Kingfisher */,
			);
			productName = "Estarta-App";
			productReference = CE77C3622CB0622E007C488B /* Estarta-App.app */;
			productType = "com.apple.product-type.application";
		};
/* End PBXNativeTarget section */

/* Begin PBXProject section */
		CE77C35A2CB0622E007C488B /* Project object */ = {
			isa = PBXProject;
			attributes = {
				BuildIndependentTargetsInParallel = 1;
				LastSwiftUpdateCheck = 1520;
				LastUpgradeCheck = 1520;
				TargetAttributes = {
					CE77C3612CB0622E007C488B = {
						CreatedOnToolsVersion = 15.2;
					};
				};
			};
			buildConfigurationList = CE77C35D2CB0622E007C488B /* Build configuration list for PBXProject "Estarta-App" */;
			compatibilityVersion = "Xcode 14.0";
			developmentRegion = en;
			hasScannedForEncodings = 0;
			knownRegions = (
				en,
				Base,
			);
			mainGroup = CE77C3592CB0622E007C488B;
			packageReferences = (
				CE77C3DC2CB26B28007C488B /* XCRemoteSwiftPackageReference "Kingfisher" */,
			);
			productRefGroup = CE77C3632CB0622E007C488B /* Products */;
			projectDirPath = "";
			projectRoot = "";
			targets = (
				CE77C3612CB0622E007C488B /* Estarta-App */,
			);
		};
/* End PBXProject section */

/* Begin PBXResourcesBuildPhase section */
		CE77C3602CB0622E007C488B /* Resources */ = {
			isa = PBXResourcesBuildPhase;
			buildActionMask = 2147483647;
			files = (
				CE77C36D2CB0622F007C488B /* Preview Assets.xcassets in Resources */,
				CE77C36A2CB0622F007C488B /* Assets.xcassets in Resources */,
			);
			runOnlyForDeploymentPostprocessing = 0;
		};
/* End PBXResourcesBuildPhase section */

/* Begin PBXSourcesBuildPhase section */
		CE77C35E2CB0622E007C488B /* Sources */ = {
			isa = PBXSourcesBuildPhase;
			buildActionMask = 2147483647;
			files = (
				CE77C3D02CB097E6007C488B /* ProductListView_Previews.swift in Sources */,
				CE77C3C32CB08DDA007C488B /* NetworkManager.swift in Sources */,
				CE77C3BF2CB08D3A007C488B /* URLSessionProtocol.swift in Sources */,
				CE77C3D72CB2681C007C488B /* productListLayout.swift in Sources */,
				CE77C3C92CB09145007C488B /* ProductsModule.swift in Sources */,
				CE77C3B52CB08B87007C488B /* NetworkError.swift in Sources */,
				CE77C3AC2CB0894E007C488B /* ProductListRepository.swift in Sources */,
				CE77C3E62CB27B21007C488B /* ProductDetailsView.swift in Sources */,
				CE77C3E82CB27B4F007C488B /* HeaderImageView.swift in Sources */,
				CE77C3782CB064F4007C488B /* ProductListView.swift in Sources */,
				CE77C3E02CB2747B007C488B /* AppConstatnt.swift in Sources */,
				CE77C3CC2CB09183007C488B /* NetworkConstant.swift in Sources */,
				CE77C3B32CB08B3D007C488B /* NetworkRequest.swift in Sources */,
				CE77C3A42CB08629007C488B /* ProductListUseCase.swift in Sources */,
				CE77C3BB2CB08CDB007C488B /* SharedURLSessionDelegate.swift in Sources */,
				CE77C3BD2CB08D03007C488B /* URLRequestCreater.swift in Sources */,
				CE77C3B72CB08BD1007C488B /* NetworkConfiguration.swift in Sources */,
				CE77C3CE2CB0965E007C488B /* APPDIContainer.swift in Sources */,
				CE77C3C52CB08E46007C488B /* DataTransferService.swift in Sources */,
				CE77C3DB2CB26AD4007C488B /* ProductImageView.swift in Sources */,
				CE77C3C12CB08D88007C488B /* NetworkSessionManager.swift in Sources */,
				CE77C3802CB0676D007C488B /* ProductListViewModel.swift in Sources */,
				CE77C3D92CB26899007C488B /* ProductItemView.swift in Sources */,
				CE77C39E2CB084FA007C488B /* ProductListDomainDTO.swift in Sources */,
				CE77C3D52CB0996A007C488B /* URLAuthenticationChallenge+TrustServer.swift in Sources */,
				CE77C3D22CB0984A007C488B /* ProductListItemViewModel.swift in Sources */,
				CE77C3662CB0622E007C488B /* Estarta_AppApp.swift in Sources */,
				CE77C3E22CB2748E007C488B /* ErrorView.swift in Sources */,
				CE77C3A82CB0879E007C488B /* ProductListDataDTO.swift in Sources */,
				CE77C3A22CB085ED007C488B /* ProductListRepositoryProtocol.swift in Sources */,
				CE77C3B92CB08CBD007C488B /* SharedURLSession.swift in Sources */,
				CE77C3AF2CB089B8007C488B /* ProductListService.swift in Sources */,
			);
			runOnlyForDeploymentPostprocessing = 0;
		};
/* End PBXSourcesBuildPhase section */

/* Begin XCBuildConfiguration section */
		CE77C36E2CB0622F007C488B /* Debug */ = {
			isa = XCBuildConfiguration;
			buildSettings = {
				ALWAYS_SEARCH_USER_PATHS = NO;
				ASSETCATALOG_COMPILER_GENERATE_SWIFT_ASSET_SYMBOL_EXTENSIONS = YES;
				CLANG_ANALYZER_NONNULL = YES;
				CLANG_ANALYZER_NUMBER_OBJECT_CONVERSION = YES_AGGRESSIVE;
				CLANG_CXX_LANGUAGE_STANDARD = "gnu++20";
				CLANG_ENABLE_MODULES = YES;
				CLANG_ENABLE_OBJC_ARC = YES;
				CLANG_ENABLE_OBJC_WEAK = YES;
				CLANG_WARN_BLOCK_CAPTURE_AUTORELEASING = YES;
				CLANG_WARN_BOOL_CONVERSION = YES;
				CLANG_WARN_COMMA = YES;
				CLANG_WARN_CONSTANT_CONVERSION = YES;
				CLANG_WARN_DEPRECATED_OBJC_IMPLEMENTATIONS = YES;
				CLANG_WARN_DIRECT_OBJC_ISA_USAGE = YES_ERROR;
				CLANG_WARN_DOCUMENTATION_COMMENTS = YES;
				CLANG_WARN_EMPTY_BODY = YES;
				CLANG_WARN_ENUM_CONVERSION = YES;
				CLANG_WARN_INFINITE_RECURSION = YES;
				CLANG_WARN_INT_CONVERSION = YES;
				CLANG_WARN_NON_LITERAL_NULL_CONVERSION = YES;
				CLANG_WARN_OBJC_IMPLICIT_RETAIN_SELF = YES;
				CLANG_WARN_OBJC_LITERAL_CONVERSION = YES;
				CLANG_WARN_OBJC_ROOT_CLASS = YES_ERROR;
				CLANG_WARN_QUOTED_INCLUDE_IN_FRAMEWORK_HEADER = YES;
				CLANG_WARN_RANGE_LOOP_ANALYSIS = YES;
				CLANG_WARN_STRICT_PROTOTYPES = YES;
				CLANG_WARN_SUSPICIOUS_MOVE = YES;
				CLANG_WARN_UNGUARDED_AVAILABILITY = YES_AGGRESSIVE;
				CLANG_WARN_UNREACHABLE_CODE = YES;
				CLANG_WARN__DUPLICATE_METHOD_MATCH = YES;
				COPY_PHASE_STRIP = NO;
				DEBUG_INFORMATION_FORMAT = dwarf;
				ENABLE_STRICT_OBJC_MSGSEND = YES;
				ENABLE_TESTABILITY = YES;
				ENABLE_USER_SCRIPT_SANDBOXING = YES;
				GCC_C_LANGUAGE_STANDARD = gnu17;
				GCC_DYNAMIC_NO_PIC = NO;
				GCC_NO_COMMON_BLOCKS = YES;
				GCC_OPTIMIZATION_LEVEL = 0;
				GCC_PREPROCESSOR_DEFINITIONS = (
					"DEBUG=1",
					"$(inherited)",
				);
				GCC_WARN_64_TO_32_BIT_CONVERSION = YES;
				GCC_WARN_ABOUT_RETURN_TYPE = YES_ERROR;
				GCC_WARN_UNDECLARED_SELECTOR = YES;
				GCC_WARN_UNINITIALIZED_AUTOS = YES_AGGRESSIVE;
				GCC_WARN_UNUSED_FUNCTION = YES;
				GCC_WARN_UNUSED_VARIABLE = YES;
				IPHONEOS_DEPLOYMENT_TARGET = 17.2;
				LOCALIZATION_PREFERS_STRING_CATALOGS = YES;
				MTL_ENABLE_DEBUG_INFO = INCLUDE_SOURCE;
				MTL_FAST_MATH = YES;
				ONLY_ACTIVE_ARCH = YES;
				SDKROOT = iphoneos;
				SWIFT_ACTIVE_COMPILATION_CONDITIONS = "DEBUG $(inherited)";
				SWIFT_OPTIMIZATION_LEVEL = "-Onone";
			};
			name = Debug;
		};
		CE77C36F2CB0622F007C488B /* Release */ = {
			isa = XCBuildConfiguration;
			buildSettings = {
				ALWAYS_SEARCH_USER_PATHS = NO;
				ASSETCATALOG_COMPILER_GENERATE_SWIFT_ASSET_SYMBOL_EXTENSIONS = YES;
				CLANG_ANALYZER_NONNULL = YES;
				CLANG_ANALYZER_NUMBER_OBJECT_CONVERSION = YES_AGGRESSIVE;
				CLANG_CXX_LANGUAGE_STANDARD = "gnu++20";
				CLANG_ENABLE_MODULES = YES;
				CLANG_ENABLE_OBJC_ARC = YES;
				CLANG_ENABLE_OBJC_WEAK = YES;
				CLANG_WARN_BLOCK_CAPTURE_AUTORELEASING = YES;
				CLANG_WARN_BOOL_CONVERSION = YES;
				CLANG_WARN_COMMA = YES;
				CLANG_WARN_CONSTANT_CONVERSION = YES;
				CLANG_WARN_DEPRECATED_OBJC_IMPLEMENTATIONS = YES;
				CLANG_WARN_DIRECT_OBJC_ISA_USAGE = YES_ERROR;
				CLANG_WARN_DOCUMENTATION_COMMENTS = YES;
				CLANG_WARN_EMPTY_BODY = YES;
				CLANG_WARN_ENUM_CONVERSION = YES;
				CLANG_WARN_INFINITE_RECURSION = YES;
				CLANG_WARN_INT_CONVERSION = YES;
				CLANG_WARN_NON_LITERAL_NULL_CONVERSION = YES;
				CLANG_WARN_OBJC_IMPLICIT_RETAIN_SELF = YES;
				CLANG_WARN_OBJC_LITERAL_CONVERSION = YES;
				CLANG_WARN_OBJC_ROOT_CLASS = YES_ERROR;
				CLANG_WARN_QUOTED_INCLUDE_IN_FRAMEWORK_HEADER = YES;
				CLANG_WARN_RANGE_LOOP_ANALYSIS = YES;
				CLANG_WARN_STRICT_PROTOTYPES = YES;
				CLANG_WARN_SUSPICIOUS_MOVE = YES;
				CLANG_WARN_UNGUARDED_AVAILABILITY = YES_AGGRESSIVE;
				CLANG_WARN_UNREACHABLE_CODE = YES;
				CLANG_WARN__DUPLICATE_METHOD_MATCH = YES;
				COPY_PHASE_STRIP = NO;
				DEBUG_INFORMATION_FORMAT = "dwarf-with-dsym";
				ENABLE_NS_ASSERTIONS = NO;
				ENABLE_STRICT_OBJC_MSGSEND = YES;
				ENABLE_USER_SCRIPT_SANDBOXING = YES;
				GCC_C_LANGUAGE_STANDARD = gnu17;
				GCC_NO_COMMON_BLOCKS = YES;
				GCC_WARN_64_TO_32_BIT_CONVERSION = YES;
				GCC_WARN_ABOUT_RETURN_TYPE = YES_ERROR;
				GCC_WARN_UNDECLARED_SELECTOR = YES;
				GCC_WARN_UNINITIALIZED_AUTOS = YES_AGGRESSIVE;
				GCC_WARN_UNUSED_FUNCTION = YES;
				GCC_WARN_UNUSED_VARIABLE = YES;
				IPHONEOS_DEPLOYMENT_TARGET = 17.2;
				LOCALIZATION_PREFERS_STRING_CATALOGS = YES;
				MTL_ENABLE_DEBUG_INFO = NO;
				MTL_FAST_MATH = YES;
				SDKROOT = iphoneos;
				SWIFT_COMPILATION_MODE = wholemodule;
				VALIDATE_PRODUCT = YES;
			};
			name = Release;
		};
		CE77C3712CB0622F007C488B /* Debug */ = {
			isa = XCBuildConfiguration;
			buildSettings = {
				ASSETCATALOG_COMPILER_APPICON_NAME = AppIcon;
				ASSETCATALOG_COMPILER_GLOBAL_ACCENT_COLOR_NAME = AccentColor;
				CODE_SIGN_STYLE = Automatic;
				CURRENT_PROJECT_VERSION = 1;
				DEVELOPMENT_ASSET_PATHS = "\"Estarta-App/Supporting Files/Preview Content\"";
				DEVELOPMENT_TEAM = 9T7PZ3Z645;
				ENABLE_PREVIEWS = YES;
				GENERATE_INFOPLIST_FILE = YES;
				INFOPLIST_FILE = "";
				INFOPLIST_KEY_UIApplicationSceneManifest_Generation = YES;
				INFOPLIST_KEY_UIApplicationSupportsIndirectInputEvents = YES;
				INFOPLIST_KEY_UILaunchScreen_Generation = YES;
				INFOPLIST_KEY_UISupportedInterfaceOrientations_iPad = "UIInterfaceOrientationPortrait UIInterfaceOrientationPortraitUpsideDown UIInterfaceOrientationLandscapeLeft UIInterfaceOrientationLandscapeRight";
				INFOPLIST_KEY_UISupportedInterfaceOrientations_iPhone = "UIInterfaceOrientationPortrait UIInterfaceOrientationLandscapeLeft UIInterfaceOrientationLandscapeRight";
				LD_RUNPATH_SEARCH_PATHS = (
					"$(inherited)",
					"@executable_path/Frameworks",
				);
				MARKETING_VERSION = 1.0;
				PRODUCT_BUNDLE_IDENTIFIER = "odayNewMac.Estarta-App";
				PRODUCT_NAME = "$(TARGET_NAME)";
				SWIFT_EMIT_LOC_STRINGS = YES;
				SWIFT_VERSION = 5.0;
				TARGETED_DEVICE_FAMILY = "1,2";
			};
			name = Debug;
		};
		CE77C3722CB0622F007C488B /* Release */ = {
			isa = XCBuildConfiguration;
			buildSettings = {
				ASSETCATALOG_COMPILER_APPICON_NAME = AppIcon;
				ASSETCATALOG_COMPILER_GLOBAL_ACCENT_COLOR_NAME = AccentColor;
				CODE_SIGN_STYLE = Automatic;
				CURRENT_PROJECT_VERSION = 1;
				DEVELOPMENT_ASSET_PATHS = "\"Estarta-App/Supporting Files/Preview Content\"";
				DEVELOPMENT_TEAM = 9T7PZ3Z645;
				ENABLE_PREVIEWS = YES;
				GENERATE_INFOPLIST_FILE = YES;
				INFOPLIST_FILE = "";
				INFOPLIST_KEY_UIApplicationSceneManifest_Generation = YES;
				INFOPLIST_KEY_UIApplicationSupportsIndirectInputEvents = YES;
				INFOPLIST_KEY_UILaunchScreen_Generation = YES;
				INFOPLIST_KEY_UISupportedInterfaceOrientations_iPad = "UIInterfaceOrientationPortrait UIInterfaceOrientationPortraitUpsideDown UIInterfaceOrientationLandscapeLeft UIInterfaceOrientationLandscapeRight";
				INFOPLIST_KEY_UISupportedInterfaceOrientations_iPhone = "UIInterfaceOrientationPortrait UIInterfaceOrientationLandscapeLeft UIInterfaceOrientationLandscapeRight";
				LD_RUNPATH_SEARCH_PATHS = (
					"$(inherited)",
					"@executable_path/Frameworks",
				);
				MARKETING_VERSION = 1.0;
				PRODUCT_BUNDLE_IDENTIFIER = "odayNewMac.Estarta-App";
				PRODUCT_NAME = "$(TARGET_NAME)";
				SWIFT_EMIT_LOC_STRINGS = YES;
				SWIFT_VERSION = 5.0;
				TARGETED_DEVICE_FAMILY = "1,2";
			};
			name = Release;
		};
/* End XCBuildConfiguration section */

/* Begin XCConfigurationList section */
		CE77C35D2CB0622E007C488B /* Build configuration list for PBXProject "Estarta-App" */ = {
			isa = XCConfigurationList;
			buildConfigurations = (
				CE77C36E2CB0622F007C488B /* Debug */,
				CE77C36F2CB0622F007C488B /* Release */,
			);
			defaultConfigurationIsVisible = 0;
			defaultConfigurationName = Release;
		};
		CE77C3702CB0622F007C488B /* Build configuration list for PBXNativeTarget "Estarta-App" */ = {
			isa = XCConfigurationList;
			buildConfigurations = (
				CE77C3712CB0622F007C488B /* Debug */,
				CE77C3722CB0622F007C488B /* Release */,
			);
			defaultConfigurationIsVisible = 0;
			defaultConfigurationName = Release;
		};
/* End XCConfigurationList section */

/* Begin XCRemoteSwiftPackageReference section */
		CE77C3DC2CB26B28007C488B /* XCRemoteSwiftPackageReference "Kingfisher" */ = {
			isa = XCRemoteSwiftPackageReference;
			repositoryURL = "https://github.com/onevcat/Kingfisher";
			requirement = {
				kind = upToNextMajorVersion;
				minimumVersion = 8.0.3;
			};
		};
/* End XCRemoteSwiftPackageReference section */

/* Begin XCSwiftPackageProductDependency section */
		CE77C3DD2CB26B28007C488B /* Kingfisher */ = {
			isa = XCSwiftPackageProductDependency;
			package = CE77C3DC2CB26B28007C488B /* XCRemoteSwiftPackageReference "Kingfisher" */;
			productName = Kingfisher;
		};
/* End XCSwiftPackageProductDependency section */
	};
	rootObject = CE77C35A2CB0622E007C488B /* Project object */;
}
